
Microsoft Visual Studio Solution File, Format Version 12.00
Project("{FAE04EC0-301F-11D3-BF4B-00C04F79EFBC}") = "functionserver", "functionserver\functionserver.csproj", "{08B6C326-A42D-4B98-9755-D6CB00CB44C6}"
EndProject
Project("{FAE04EC0-301F-11D3-BF4B-00C04F79EFBC}") = "Core", "Core\Core.csproj", "{4BF6F106-0008-4300-AEB2-466D1B662645}"
EndProject
Project("{FAE04EC0-301F-11D3-BF4B-00C04F79EFBC}") = "SampleFunction", "SampleFunction\SampleFunction.csproj", "{AA187309-96A5-4223-B638-F007241E5193}"
EndProject
Global
	GlobalSection(SolutionConfigurationPlatforms) = preSolution
		Debug|Any CPU = Debug|Any CPU
		Release|Any CPU = Release|Any CPU
	EndGlobalSection
	GlobalSection(ProjectConfigurationPlatforms) = postSolution
		{08B6C326-A42D-4B98-9755-D6CB00CB44C6}.Debug|Any CPU.ActiveCfg = Debug|Any CPU
		{08B6C326-A42D-4B98-9755-D6CB00CB44C6}.Debug|Any CPU.Build.0 = Debug|Any CPU
		{08B6C326-A42D-4B98-9755-D6CB00CB44C6}.Release|Any CPU.ActiveCfg = Release|Any CPU
		{08B6C326-A42D-4B98-9755-D6CB00CB44C6}.Release|Any CPU.Build.0 = Release|Any CPU
		{4BF6F106-0008-4300-AEB2-466D1B662645}.Debug|Any CPU.ActiveCfg = Debug|Any CPU
		{4BF6F106-0008-4300-AEB2-466D1B662645}.Debug|Any CPU.Build.0 = Debug|Any CPU
		{4BF6F106-0008-4300-AEB2-466D1B662645}.Release|Any CPU.ActiveCfg = Release|Any CPU
		{4BF6F106-0008-4300-AEB2-466D1B662645}.Release|Any CPU.Build.0 = Release|Any CPU
		{AA187309-96A5-4223-B638-F007241E5193}.Debug|Any CPU.ActiveCfg = Debug|Any CPU
		{AA187309-96A5-4223-B638-F007241E5193}.Debug|Any CPU.Build.0 = Debug|Any CPU
		{AA187309-96A5-4223-B638-F007241E5193}.Release|Any CPU.ActiveCfg = Release|Any CPU
		{AA187309-96A5-4223-B638-F007241E5193}.Release|Any CPU.Build.0 = Release|Any CPU
	EndGlobalSection
EndGlobal
